
Microsoft Visual Studio Solution File, Format Version 12.00
# Visual Studio Version 17
VisualStudioVersion = 17.14.36109.1
MinimumVisualStudioVersion = 10.0.40219.1
Project("{FAE04EC0-301F-11D3-BF4B-00C04F79EFBC}") = "QueueApp", "QueueApp\QueueApp\QueueApp.csproj", "{F47D57A8-23AC-49E2-9942-2CE9C2F1E23B}"
EndProject
Project("{FAE04EC0-301F-11D3-BF4B-00C04F79EFBC}") = "QueueApp.Client", "QueueApp\QueueApp.Client\QueueApp.Client.csproj", "{5965A7A6-9DBE-4594-8287-470E1EE09817}"
EndProject
Project("{FAE04EC0-301F-11D3-BF4B-00C04F79EFBC}") = "QueueApp.Test", "QueueApp\QueueApp.Test\QueueApp.Test.csproj", "{0818CD9D-D2BE-4FE2-A0A6-BDC4874D63AA}"
EndProject
Global
	GlobalSection(SolutionConfigurationPlatforms) = preSolution
		Debug|Any CPU = Debug|Any CPU
		Release|Any CPU = Release|Any CPU
	EndGlobalSection
	GlobalSection(ProjectConfigurationPlatforms) = postSolution
		{F47D57A8-23AC-49E2-9942-2CE9C2F1E23B}.Debug|Any CPU.ActiveCfg = Debug|Any CPU
		{F47D57A8-23AC-49E2-9942-2CE9C2F1E23B}.Debug|Any CPU.Build.0 = Debug|Any CPU
		{F47D57A8-23AC-49E2-9942-2CE9C2F1E23B}.Release|Any CPU.ActiveCfg = Release|Any CPU
		{F47D57A8-23AC-49E2-9942-2CE9C2F1E23B}.Release|Any CPU.Build.0 = Release|Any CPU
		{5965A7A6-9DBE-4594-8287-470E1EE09817}.Debug|Any CPU.ActiveCfg = Debug|Any CPU
		{5965A7A6-9DBE-4594-8287-470E1EE09817}.Debug|Any CPU.Build.0 = Debug|Any CPU
		{5965A7A6-9DBE-4594-8287-470E1EE09817}.Release|Any CPU.ActiveCfg = Release|Any CPU
		{5965A7A6-9DBE-4594-8287-470E1EE09817}.Release|Any CPU.Build.0 = Release|Any CPU
		{0818CD9D-D2BE-4FE2-A0A6-BDC4874D63AA}.Debug|Any CPU.ActiveCfg = Debug|Any CPU
		{0818CD9D-D2BE-4FE2-A0A6-BDC4874D63AA}.Debug|Any CPU.Build.0 = Debug|Any CPU
		{0818CD9D-D2BE-4FE2-A0A6-BDC4874D63AA}.Release|Any CPU.ActiveCfg = Release|Any CPU
		{0818CD9D-D2BE-4FE2-A0A6-BDC4874D63AA}.Release|Any CPU.Build.0 = Release|Any CPU
	EndGlobalSection
	GlobalSection(SolutionProperties) = preSolution
		HideSolutionNode = FALSE
	EndGlobalSection
	GlobalSection(ExtensibilityGlobals) = postSolution
		SolutionGuid = {D55EF210-CDCB-4495-AF48-75BD2C824CCC}
	EndGlobalSection
EndGlobal
